# THIS IS AN AUTOGENERATED FILE. DO NOT EDIT THIS FILE DIRECTLY.
# yarn lockfile v1


"@sinonjs/commons@^1", "@sinonjs/commons@^1.0.2", "@sinonjs/commons@^1.4.0":
  version "1.4.0"
  resolved "https://registry.yarnpkg.com/@sinonjs/commons/-/commons-1.4.0.tgz#7b3ec2d96af481d7a0321252e7b1c94724ec5a78"
  integrity sha512-9jHK3YF/8HtJ9wCAbG+j8cD0i0+ATS9A7gXFqS36TblLPNy6rEEc+SB0imo91eCboGaBYGV/MT1/br/J+EE7Tw==
  dependencies:
    type-detect "4.0.8"

"@sinonjs/formatio@^3.1.0", "@sinonjs/formatio@^3.2.1":
  version "3.2.1"
  resolved "https://registry.yarnpkg.com/@sinonjs/formatio/-/formatio-3.2.1.tgz#52310f2f9bcbc67bdac18c94ad4901b95fde267e"
  integrity sha512-tsHvOB24rvyvV2+zKMmPkZ7dXX6LSLKZ7aOtXY6Edklp0uRcgGpOsQTTGTcWViFyx4uhWc6GV8QdnALbIbIdeQ==
  dependencies:
    "@sinonjs/commons" "^1"
    "@sinonjs/samsam" "^3.1.0"

"@sinonjs/samsam@^3.1.0", "@sinonjs/samsam@^3.3.1":
  version "3.3.1"
  resolved "https://registry.yarnpkg.com/@sinonjs/samsam/-/samsam-3.3.1.tgz#e88c53fbd9d91ad9f0f2b0140c16c7c107fe0d07"
  integrity sha512-wRSfmyd81swH0hA1bxJZJ57xr22kC07a1N4zuIL47yTS04bDk6AoCkczcqHEjcRPmJ+FruGJ9WBQiJwMtIElFw==
  dependencies:
    "@sinonjs/commons" "^1.0.2"
    array-from "^2.1.1"
    lodash "^4.17.11"

"@sinonjs/text-encoding@^0.7.1":
  version "0.7.1"
  resolved "https://registry.yarnpkg.com/@sinonjs/text-encoding/-/text-encoding-0.7.1.tgz#8da5c6530915653f3a1f38fd5f101d8c3f8079c5"
  integrity sha512-+iTbntw2IZPb/anVDbypzfQa+ay64MW0Zo8aJ8gZPWMMK6/OubMVb6lUPMagqjOPnmtauXnFCACVl3O7ogjeqQ==

array-from@^2.1.1:
  version "2.1.1"
  resolved "https://registry.yarnpkg.com/array-from/-/array-from-2.1.1.tgz#cfe9d8c26628b9dc5aecc62a9f5d8f1f352c1195"
  integrity sha1-z+nYwmYoudxa7MYqn12PHzUsEZU=

assertion-error@^1.1.0:
  version "1.1.0"
  resolved "https://registry.yarnpkg.com/assertion-error/-/assertion-error-1.1.0.tgz#e60b6b0e8f301bd97e5375215bda406c85118c0b"
  integrity sha512-jgsaNduz+ndvGyFt3uSuWqvy4lCnIJiovtouQN5JZHOKCS2QuhEdbcQHFhVksz2N2U9hXJo8odG7ETyWlEeuDw==

chai-as-promised@^7.1.1:
  version "7.1.1"
  resolved "https://registry.yarnpkg.com/chai-as-promised/-/chai-as-promised-7.1.1.tgz#08645d825deb8696ee61725dbf590c012eb00ca0"
  integrity sha512-azL6xMoi+uxu6z4rhWQ1jbdUhOMhis2PvscD/xjLqNMkv3BPPp2JyyuTHOrf9BOosGpNQ11v6BKv/g57RXbiaA==
  dependencies:
    check-error "^1.0.2"

chai@^4.2.0:
  version "4.2.0"
  resolved "https://registry.yarnpkg.com/chai/-/chai-4.2.0.tgz#760aa72cf20e3795e84b12877ce0e83737aa29e5"
  integrity sha512-XQU3bhBukrOsQCuwZndwGcCVQHyZi53fQ6Ys1Fym7E4olpIqqZZhhoFJoaKVvV17lWQoXYwgWN2nF5crA8J2jw==
  dependencies:
    assertion-error "^1.1.0"
    check-error "^1.0.2"
    deep-eql "^3.0.1"
    get-func-name "^2.0.0"
    pathval "^1.1.0"
    type-detect "^4.0.5"

check-error@^1.0.2:
  version "1.0.2"
  resolved "https://registry.yarnpkg.com/check-error/-/check-error-1.0.2.tgz#574d312edd88bb5dd8912e9286dd6c0aed4aac82"
  integrity sha1-V00xLt2Iu13YkS6Sht1sCu1KrII=

cross-env@^5.2.0:
  version "5.2.0"
  resolved "https://registry.yarnpkg.com/cross-env/-/cross-env-5.2.0.tgz#6ecd4c015d5773e614039ee529076669b9d126f2"
  integrity sha512-jtdNFfFW1hB7sMhr/H6rW1Z45LFqyI431m3qU6bFXcQ3Eh7LtBuG3h74o7ohHZ3crrRkkqHlo4jYHFPcjroANg==
  dependencies:
    cross-spawn "^6.0.5"
    is-windows "^1.0.0"

cross-spawn@^6.0.5:
  version "6.0.5"
  resolved "https://registry.yarnpkg.com/cross-spawn/-/cross-spawn-6.0.5.tgz#4a5ec7c64dfae22c3a14124dbacdee846d80cbc4"
  integrity sha512-eTVLrBSt7fjbDygz805pMnstIs2VTBNkRm0qxZd+M7A5XDdxVRWO5MxGBXZhjY4cqLYLdtrGqRf8mBPmzwSpWQ==
  dependencies:
    nice-try "^1.0.4"
    path-key "^2.0.1"
    semver "^5.5.0"
    shebang-command "^1.2.0"
    which "^1.2.9"

deep-eql@^3.0.1:
  version "3.0.1"
  resolved "https://registry.yarnpkg.com/deep-eql/-/deep-eql-3.0.1.tgz#dfc9404400ad1c8fe023e7da1df1c147c4b444df"
  integrity sha512-+QeIQyN5ZuO+3Uk5DYh6/1eKO0m0YmJFGNmFHGACpf1ClL1nmlV/p4gNgbl2pJGxgXb4faqo6UE+M5ACEMyVcw==
  dependencies:
    type-detect "^4.0.0"

diff@^3.5.0:
  version "3.5.0"
  resolved "https://registry.yarnpkg.com/diff/-/diff-3.5.0.tgz#800c0dd1e0a8bfbc95835c202ad220fe317e5a12"
  integrity sha512-A46qtFgd+g7pDZinpnwiRJtxbC1hpgf0uzP3iG89scHk0AUC7A1TGxf5OiiOUv/JMZR8GOt8hL900hV0bOy5xA==

get-func-name@^2.0.0:
  version "2.0.0"
  resolved "https://registry.yarnpkg.com/get-func-name/-/get-func-name-2.0.0.tgz#ead774abee72e20409433a066366023dd6887a41"
  integrity sha1-6td0q+5y4gQJQzoGY2YCPdaIekE=

has-flag@^3.0.0:
  version "3.0.0"
  resolved "https://registry.yarnpkg.com/has-flag/-/has-flag-3.0.0.tgz#b5d454dc2199ae225699f3467e5a07f3b955bafd"
  integrity sha1-tdRU3CGZriJWmfNGfloH87lVuv0=

is-windows@^1.0.0:
  version "1.0.2"
  resolved "https://registry.yarnpkg.com/is-windows/-/is-windows-1.0.2.tgz#d1850eb9791ecd18e6182ce12a30f396634bb19d"
  integrity sha512-eXK1UInq2bPmjyX6e3VHIzMLobc4J94i4AWn+Hpq3OU5KkrRC96OAcR3PRJ/pGu6m8TRnBHP9dkXQVsT/COVIA==

isarray@0.0.1:
  version "0.0.1"
  resolved "https://registry.yarnpkg.com/isarray/-/isarray-0.0.1.tgz#8a18acfca9a8f4177e09abfc6038939b05d1eedf"
  integrity sha1-ihis/Kmo9Bd+Cav8YDiTmwXR7t8=

isexe@^2.0.0:
  version "2.0.0"
  resolved "https://registry.yarnpkg.com/isexe/-/isexe-2.0.0.tgz#e8fbf374dc556ff8947a10dcb0572d633f2cfa10"
  integrity sha1-6PvzdNxVb/iUehDcsFctYz8s+hA=

just-extend@^4.0.2:
  version "4.0.2"
  resolved "https://registry.yarnpkg.com/just-extend/-/just-extend-4.0.2.tgz#f3f47f7dfca0f989c55410a7ebc8854b07108afc"
  integrity sha512-FrLwOgm+iXrPV+5zDU6Jqu4gCRXbWEQg2O3SKONsWE4w7AXFRkryS53bpWdaL9cNol+AmR3AEYz6kn+o0fCPnw==

lodash@^4.17.11:
  version "4.17.11"
  resolved "https://registry.yarnpkg.com/lodash/-/lodash-4.17.11.tgz#b39ea6229ef607ecd89e2c8df12536891cac9b8d"
  integrity sha512-cQKh8igo5QUhZ7lg38DYWAxMvjSAKG0A8wGSVimP07SIUEK2UO+arSRKbRZWtelMtN5V0Hkwh5ryOto/SshYIg==

lolex@^2.3.2:
  version "2.7.5"
  resolved "https://registry.yarnpkg.com/lolex/-/lolex-2.7.5.tgz#113001d56bfc7e02d56e36291cc5c413d1aa0733"
  integrity sha512-l9x0+1offnKKIzYVjyXU2SiwhXDLekRzKyhnbyldPHvC7BvLPVpdNUNR2KeMAiCN2D/kLNttZgQD5WjSxuBx3Q==

lolex@^3.1.0:
  version "3.1.0"
  resolved "https://registry.yarnpkg.com/lolex/-/lolex-3.1.0.tgz#1a7feb2fefd75b3e3a7f79f0e110d9476e294434"
  integrity sha512-zFo5MgCJ0rZ7gQg69S4pqBsLURbFw11X68C18OcJjJQbqaXm2NoTrGl1IMM3TIz0/BnN1tIs2tzmmqvCsOMMjw==

nice-try@^1.0.4:
  version "1.0.5"
  resolved "https://registry.yarnpkg.com/nice-try/-/nice-try-1.0.5.tgz#a3378a7696ce7d223e88fc9b764bd7ef1089e366"
  integrity sha512-1nh45deeb5olNY7eX82BkPO7SSxR5SSYJiPTrTdFUVYwAl8CKMA5N9PjTYkHiRjisVcxcQ1HXdLhx2qxxJzLNQ==

nise@^1.4.10:
  version "1.4.10"
  resolved "https://registry.yarnpkg.com/nise/-/nise-1.4.10.tgz#ae46a09a26436fae91a38a60919356ae6db143b6"
  integrity sha512-sa0RRbj53dovjc7wombHmVli9ZihXbXCQ2uH3TNm03DyvOSIQbxg+pbqDKrk2oxMK1rtLGVlKxcB9rrc6X5YjA==
  dependencies:
    "@sinonjs/formatio" "^3.1.0"
    "@sinonjs/text-encoding" "^0.7.1"
    just-extend "^4.0.2"
    lolex "^2.3.2"
    path-to-regexp "^1.7.0"

path-key@^2.0.1:
  version "2.0.1"
  resolved "https://registry.yarnpkg.com/path-key/-/path-key-2.0.1.tgz#411cadb574c5a140d3a4b1910d40d80cc9f40b40"
  integrity sha1-QRyttXTFoUDTpLGRDUDYDMn0C0A=

path-to-regexp@^1.7.0:
  version "1.7.0"
  resolved "https://registry.yarnpkg.com/path-to-regexp/-/path-to-regexp-1.7.0.tgz#59fde0f435badacba103a84e9d3bc64e96b9937d"
  integrity sha1-Wf3g9DW62suhA6hOnTvGTpa5k30=
  dependencies:
    isarray "0.0.1"

pathval@^1.1.0:
  version "1.1.0"
  resolved "https://registry.yarnpkg.com/pathval/-/pathval-1.1.0.tgz#b942e6d4bde653005ef6b71361def8727d0645e0"
  integrity sha1-uULm1L3mUwBe9rcTYd74cn0GReA=

semver@^5.5.0:
  version "5.7.0"
  resolved "https://registry.yarnpkg.com/semver/-/semver-5.7.0.tgz#790a7cf6fea5459bac96110b29b60412dc8ff96b"
  integrity sha512-Ya52jSX2u7QKghxeoFGpLwCtGlt7j0oY9DYb5apt9nPlJ42ID+ulTXESnt/qAQcoSERyZ5sl3LDIOw0nAn/5DA==

shebang-command@^1.2.0:
  version "1.2.0"
  resolved "https://registry.yarnpkg.com/shebang-command/-/shebang-command-1.2.0.tgz#44aac65b695b03398968c39f363fee5deafdf1ea"
  integrity sha1-RKrGW2lbAzmJaMOfNj/uXer98eo=
  dependencies:
    shebang-regex "^1.0.0"

shebang-regex@^1.0.0:
  version "1.0.0"
  resolved "https://registry.yarnpkg.com/shebang-regex/-/shebang-regex-1.0.0.tgz#da42f49740c0b42db2ca9728571cb190c98efea3"
  integrity sha1-2kL0l0DAtC2yypcoVxyxkMmO/qM=

sinon-chai@^3.3.0:
  version "3.3.0"
  resolved "https://registry.yarnpkg.com/sinon-chai/-/sinon-chai-3.3.0.tgz#8084ff99451064910fbe2c2cb8ab540c00b740ea"
  integrity sha512-r2JhDY7gbbmh5z3Q62pNbrjxZdOAjpsqW/8yxAZRSqLZqowmfGZPGUZPFf3UX36NLis0cv8VEM5IJh9HgkSOAA==

sinon@^7.3.1:
  version "7.3.1"
  resolved "https://registry.yarnpkg.com/sinon/-/sinon-7.3.1.tgz#e8276522104e6c08d1cb52a907270b0e316655c4"
  integrity sha512-eQKMaeWovtOtYe2xThEvaHmmxf870Di+bim10c3ZPrL5bZhLGtu8cz+rOBTFz0CwBV4Q/7dYwZiqZbGVLZ+vjQ==
  dependencies:
    "@sinonjs/commons" "^1.4.0"
    "@sinonjs/formatio" "^3.2.1"
    "@sinonjs/samsam" "^3.3.1"
    diff "^3.5.0"
    lolex "^3.1.0"
    nise "^1.4.10"
    supports-color "^5.5.0"

supports-color@^5.5.0:
  version "5.5.0"
  resolved "https://registry.yarnpkg.com/supports-color/-/supports-color-5.5.0.tgz#e2e69a44ac8772f78a1ec0b35b689df6530efc8f"
  integrity sha512-QjVjwdXIt408MIiAqCX4oUKsgU2EqAGzs2Ppkm4aQYbjm+ZEWEcW4SfFNTr4uMNZma0ey4f5lgLrkB0aX0QMow==
  dependencies:
    has-flag "^3.0.0"

type-detect@4.0.8, type-detect@^4.0.0, type-detect@^4.0.5:
  version "4.0.8"
  resolved "https://registry.yarnpkg.com/type-detect/-/type-detect-4.0.8.tgz#7646fb5f18871cfbb7749e69bd39a6388eb7450c"
  integrity sha512-0fr/mIH1dlO+x7TlcMy+bIDqKPsw/70tVyeHW787goQjhmqaZe10uwLujubK9q9Lg6Fiho1KUKDYz0Z7k7g5/g==

which@^1.2.9:
  version "1.3.1"
  resolved "https://registry.yarnpkg.com/which/-/which-1.3.1.tgz#a45043d54f5805316da8d62f9f50918d3da70b0a"
  integrity sha512-HxJdYWq1MTIQbJ3nw0cqssHoTNU267KlrDuGZ1WYlxDStUtKUhOaJmh112/TZmHxxUfuJqPXSOm7tDyas0OSIQ==
  dependencies:
    isexe "^2.0.0"
